
Microsoft Visual Studio Solution File, Format Version 12.00
# Visual Studio Version 17
VisualStudioVersion = 17.12.35527.113 d17.12
MinimumVisualStudioVersion = 10.0.40219.1
Project("{FAE04EC0-301F-11D3-BF4B-00C04F79EFBC}") = "Scriptie", "Scriptie.csproj", "{9E3E5406-B45B-4D68-AEA9-64154107CA4D}"
EndProject
Global
	GlobalSection(SolutionConfigurationPlatforms) = preSolution
		Debug|Any CPU = Debug|Any CPU
		Release|Any CPU = Release|Any CPU
	EndGlobalSection
	GlobalSection(ProjectConfigurationPlatforms) = postSolution
		{9E3E5406-B45B-4D68-AEA9-64154107CA4D}.Debug|Any CPU.ActiveCfg = Debug|Any CPU
		{9E3E5406-B45B-4D68-AEA9-64154107CA4D}.Debug|Any CPU.Build.0 = Debug|Any CPU
		{9E3E5406-B45B-4D68-AEA9-64154107CA4D}.Release|Any CPU.ActiveCfg = Release|Any CPU
		{9E3E5406-B45B-4D68-AEA9-64154107CA4D}.Release|Any CPU.Build.0 = Release|Any CPU
	EndGlobalSection
	GlobalSection(SolutionProperties) = preSolution
		HideSolutionNode = FALSE
	EndGlobalSection
EndGlobal
